
Microsoft Visual Studio Solution File, Format Version 12.00
# Visual Studio Version 17
VisualStudioVersion = 17.4.33103.184
MinimumVisualStudioVersion = 10.0.40219.1
Project("{FAE04EC0-301F-11D3-BF4B-00C04F79EFBC}") = "db-videogames", "db-videogames.csproj", "{66972283-172F-401C-BEA6-E8E4A18F7583}"
EndProject
Global
	GlobalSection(SolutionConfigurationPlatforms) = preSolution
		Debug|Any CPU = Debug|Any CPU
		Release|Any CPU = Release|Any CPU
	EndGlobalSection
	GlobalSection(ProjectConfigurationPlatforms) = postSolution
		{66972283-172F-401C-BEA6-E8E4A18F7583}.Debug|Any CPU.ActiveCfg = Debug|Any CPU
		{66972283-172F-401C-BEA6-E8E4A18F7583}.Debug|Any CPU.Build.0 = Debug|Any CPU
		{66972283-172F-401C-BEA6-E8E4A18F7583}.Release|Any CPU.ActiveCfg = Release|Any CPU
		{66972283-172F-401C-BEA6-E8E4A18F7583}.Release|Any CPU.Build.0 = Release|Any CPU
	EndGlobalSection
	GlobalSection(SolutionProperties) = preSolution
		HideSolutionNode = FALSE
	EndGlobalSection
	GlobalSection(ExtensibilityGlobals) = postSolution
		SolutionGuid = {2F991636-0E21-4819-8F8D-331A373B9919}
	EndGlobalSection
EndGlobal
